// !$*UTF8*$!
{
	archiveVersion = 1;
	classes = {
	};
	objectVersion = 52;
	objects = {

/* Begin PBXBuildFile section */
		C4204E1026FD2D950006554B /* PhotosUIPHPickerView.swift in Sources */ = {isa = PBXBuildFile; fileRef = C4204E0F26FD2D950006554B /* PhotosUIPHPickerView.swift */; };
		C429334C270F8CF300313A75 /* ViewTravelAppUI.swift in Sources */ = {isa = PBXBuildFile; fileRef = C429334B270F8CF300313A75 /* ViewTravelAppUI.swift */; };
		C43C3FBF27051523004142C0 /* ViewTranslucentBackgroudEffect.swift in Sources */ = {isa = PBXBuildFile; fileRef = C43C3FBE27051523004142C0 /* ViewTranslucentBackgroudEffect.swift */; };
		C4413C6C2706640E0029F129 /* ViewInstagramStory3DCube.swift in Sources */ = {isa = PBXBuildFile; fileRef = C4413C6B2706640E0029F129 /* ViewInstagramStory3DCube.swift */; };
		C4413D1C270A41480029F129 /* ViewMuisicPlayerUiNeumorphism.swift in Sources */ = {isa = PBXBuildFile; fileRef = C4413D1B270A41480029F129 /* ViewMuisicPlayerUiNeumorphism.swift */; };
		C4413D1F270A50650029F129 /* ViewJSONParsing.swift in Sources */ = {isa = PBXBuildFile; fileRef = C4413D1E270A50650029F129 /* ViewJSONParsing.swift */; };
		C4413D22270A50CE0029F129 /* SDWebImageSwiftUI in Frameworks */ = {isa = PBXBuildFile; productRef = C4413D21270A50CE0029F129 /* SDWebImageSwiftUI */; };
		C466E91C271E159A00548F80 /* ViewCustomAudioPlayer.swift in Sources */ = {isa = PBXBuildFile; fileRef = C466E91B271E159A00548F80 /* ViewCustomAudioPlayer.swift */; };
		C466E91E271E163200548F80 /* audio.mp3 in Resources */ = {isa = PBXBuildFile; fileRef = C466E91D271E163200548F80 /* audio.mp3 */; };
		C466E921271E231D00548F80 /* ViewDocumentPicker.swift in Sources */ = {isa = PBXBuildFile; fileRef = C466E920271E231D00548F80 /* ViewDocumentPicker.swift */; };
		C466E924271F640C00548F80 /* ViewRestfullApiSailsjs.swift in Sources */ = {isa = PBXBuildFile; fileRef = C466E923271F640C00548F80 /* ViewRestfullApiSailsjs.swift */; };
		C466E9272720BBF200548F80 /* ViewCustomCarouselListSlider.swift in Sources */ = {isa = PBXBuildFile; fileRef = C466E9262720BBF200548F80 /* ViewCustomCarouselListSlider.swift */; };
		C46A518B272747980001B904 /* ViewJSONParsingUsingOurOwn.swift in Sources */ = {isa = PBXBuildFile; fileRef = C46A518A272747980001B904 /* ViewJSONParsingUsingOurOwn.swift */; };
		C46A518E272752BF0001B904 /* ViewCustomTabBar.swift in Sources */ = {isa = PBXBuildFile; fileRef = C46A518D272752BF0001B904 /* ViewCustomTabBar.swift */; };
		C4857EBA26F9369600FD4939 /* ViewHeroAnimation.swift in Sources */ = {isa = PBXBuildFile; fileRef = C4857EB926F9369600FD4939 /* ViewHeroAnimation.swift */; };
		C48774C82730908000C90E6E /* ViewOnBoardingCustomSlider.swift in Sources */ = {isa = PBXBuildFile; fileRef = C48774C72730908000C90E6E /* ViewOnBoardingCustomSlider.swift */; };
		C48774CB27309BD900C90E6E /* ViewLoginPageWithFaceAndTouchID.swift in Sources */ = {isa = PBXBuildFile; fileRef = C48774CA27309BD900C90E6E /* ViewLoginPageWithFaceAndTouchID.swift */; };
		C48774CE2731E0DB00C90E6E /* ViewCustomMusicPlayerCircularSlider.swift in Sources */ = {isa = PBXBuildFile; fileRef = C48774CD2731E0DB00C90E6E /* ViewCustomMusicPlayerCircularSlider.swift */; };
		C48774D32731E14C00C90E6E /* AlbumCustomMiusicPlayer.swift in Sources */ = {isa = PBXBuildFile; fileRef = C48774D22731E14C00C90E6E /* AlbumCustomMiusicPlayer.swift */; };
		C48774D52731E16F00C90E6E /* HomeViewModelCircularSlider.swift in Sources */ = {isa = PBXBuildFile; fileRef = C48774D42731E16F00C90E6E /* HomeViewModelCircularSlider.swift */; };
		C48774D72731E2C400C90E6E /* HomeViewCustomMusicPlayerCircularSlider.swift in Sources */ = {isa = PBXBuildFile; fileRef = C48774D62731E2C400C90E6E /* HomeViewCustomMusicPlayerCircularSlider.swift */; };
		C48774DA273342C400C90E6E /* ViewWheelRadialPicker.swift in Sources */ = {isa = PBXBuildFile; fileRef = C48774D9273342C400C90E6E /* ViewWheelRadialPicker.swift */; };
		C48774DE2733434B00C90E6E /* HomeViewWhellRadialPicker.swift in Sources */ = {isa = PBXBuildFile; fileRef = C48774DD2733434B00C90E6E /* HomeViewWhellRadialPicker.swift */; };
		C48774E02733441F00C90E6E /* OptionViewWhellRadialPicker.swift in Sources */ = {isa = PBXBuildFile; fileRef = C48774DF2733441F00C90E6E /* OptionViewWhellRadialPicker.swift */; };
		C48774E2273347D000C90E6E /* HomeViewModel.swift in Sources */ = {isa = PBXBuildFile; fileRef = C48774E1273347D000C90E6E /* HomeViewModel.swift */; };
		C48774E427334B8E00C90E6E /* FunctionButtonWheelRadialPicker.swift in Sources */ = {isa = PBXBuildFile; fileRef = C48774E327334B8E00C90E6E /* FunctionButtonWheelRadialPicker.swift */; };
		C48774E727348C2500C90E6E /* ViewSmoothCurves.swift in Sources */ = {isa = PBXBuildFile; fileRef = C48774E627348C2500C90E6E /* ViewSmoothCurves.swift */; };
		C48774EA2734911A00C90E6E /* HomeSmoothCurves.swift in Sources */ = {isa = PBXBuildFile; fileRef = C48774E92734911A00C90E6E /* HomeSmoothCurves.swift */; };
		C48774EC2734915800C90E6E /* ItemViewSmoothCurves.swift in Sources */ = {isa = PBXBuildFile; fileRef = C48774EB2734915800C90E6E /* ItemViewSmoothCurves.swift */; };
		C48774EF2734919500C90E6E /* ItemSmoothCurves.swift in Sources */ = {isa = PBXBuildFile; fileRef = C48774EE2734919500C90E6E /* ItemSmoothCurves.swift */; };
		C48774F1273496AC00C90E6E /* CustomCornerViewSmoothCurves.swift in Sources */ = {isa = PBXBuildFile; fileRef = C48774F0273496AC00C90E6E /* CustomCornerViewSmoothCurves.swift */; };
		C48774F327349A5000C90E6E /* ViewDetailSmoothCurves.swift in Sources */ = {isa = PBXBuildFile; fileRef = C48774F227349A5000C90E6E /* ViewDetailSmoothCurves.swift */; };
		C491F7B426FBCE46000A58CF /* HomeParallaxScrolling.swift in Sources */ = {isa = PBXBuildFile; fileRef = C491F7B326FBCE46000A58CF /* HomeParallaxScrolling.swift */; };
		C491F7B726FBD39A000A58CF /* HomeCustomPathsSolidAnimations.swift in Sources */ = {isa = PBXBuildFile; fileRef = C491F7B626FBD39A000A58CF /* HomeCustomPathsSolidAnimations.swift */; };
		C49684D826F1447E0061949E /* HomeChatUIImagePicker.swift in Sources */ = {isa = PBXBuildFile; fileRef = C49684D726F1447E0061949E /* HomeChatUIImagePicker.swift */; };
		C496851226F292580061949E /* HomeTabViewWithSwipeGesture.swift in Sources */ = {isa = PBXBuildFile; fileRef = C496851126F292580061949E /* HomeTabViewWithSwipeGesture.swift */; };
		C496851526F29FC40061949E /* HomeDepthStacksGestures.swift in Sources */ = {isa = PBXBuildFile; fileRef = C496851426F29FC40061949E /* HomeDepthStacksGestures.swift */; };
		C496851926F3E38C0061949E /* HomeFitnessDashboardBarCharts.swift in Sources */ = {isa = PBXBuildFile; fileRef = C496851826F3E38C0061949E /* HomeFitnessDashboardBarCharts.swift */; };
		C496851C26F3F3EE0061949E /* HomeLoginPageCustomCurvesShapes.swift in Sources */ = {isa = PBXBuildFile; fileRef = C496851B26F3F3EE0061949E /* HomeLoginPageCustomCurvesShapes.swift */; };
		C4A01DE526EFF77B001AF3F6 /* TutorialWWDC2020App.swift in Sources */ = {isa = PBXBuildFile; fileRef = C4A01DE426EFF77B001AF3F6 /* TutorialWWDC2020App.swift */; };
		C4A01DE726EFF77B001AF3F6 /* ContentView.swift in Sources */ = {isa = PBXBuildFile; fileRef = C4A01DE626EFF77B001AF3F6 /* ContentView.swift */; };
		C4A01DE926EFF77C001AF3F6 /* Assets.xcassets in Resources */ = {isa = PBXBuildFile; fileRef = C4A01DE826EFF77C001AF3F6 /* Assets.xcassets */; };
		C4A01DEC26EFF77C001AF3F6 /* Preview Assets.xcassets in Resources */ = {isa = PBXBuildFile; fileRef = C4A01DEB26EFF77C001AF3F6 /* Preview Assets.xcassets */; };
		C4A01DF726EFF77C001AF3F6 /* TutorialWWDC2020Tests.swift in Sources */ = {isa = PBXBuildFile; fileRef = C4A01DF626EFF77C001AF3F6 /* TutorialWWDC2020Tests.swift */; };
		C4A01E0226EFF77C001AF3F6 /* TutorialWWDC2020UITests.swift in Sources */ = {isa = PBXBuildFile; fileRef = C4A01E0126EFF77C001AF3F6 /* TutorialWWDC2020UITests.swift */; };
		C4A01E1126EFF85F001AF3F6 /* HomeAppleMiusicAnimations.swift in Sources */ = {isa = PBXBuildFile; fileRef = C4A01E1026EFF85F001AF3F6 /* HomeAppleMiusicAnimations.swift */; };
		C4A01E1426EFFF0A001AF3F6 /* HomeCustomGridsAndAnimations.swift in Sources */ = {isa = PBXBuildFile; fileRef = C4A01E1326EFFF0A001AF3F6 /* HomeCustomGridsAndAnimations.swift */; };
		C4A551FD2729FE4200A2D512 /* GiphyUISDK in Frameworks */ = {isa = PBXBuildFile; productRef = C4A551FC2729FE4200A2D512 /* GiphyUISDK */; };
		C4A552002729FE6900A2D512 /* ViewGif.swift in Sources */ = {isa = PBXBuildFile; fileRef = C4A551FF2729FE6900A2D512 /* ViewGif.swift */; };
		C4A552022729FFBF00A2D512 /* GifController.swift in Sources */ = {isa = PBXBuildFile; fileRef = C4A552012729FFBF00A2D512 /* GifController.swift */; };
		C4B7C1FE2722D70A005A95E1 /* ViewFacebookLogin.swift in Sources */ = {isa = PBXBuildFile; fileRef = C4BC34AF2714DAC600948E89 /* ViewFacebookLogin.swift */; };
		C4B9244A2728998600FB8AFF /* ViewAnalogClockApp.swift in Sources */ = {isa = PBXBuildFile; fileRef = C4B924492728998600FB8AFF /* ViewAnalogClockApp.swift */; };
		C4B9244D2728A37600FB8AFF /* ViewNikeShowUI.swift in Sources */ = {isa = PBXBuildFile; fileRef = C4B9244C2728A37600FB8AFF /* ViewNikeShowUI.swift */; };
		C4B92483270B9FCB000BBE8A /* ViewGradientPickerAPI.swift in Sources */ = {isa = PBXBuildFile; fileRef = C4B92482270B9FCB000BBE8A /* ViewGradientPickerAPI.swift */; };
		C4B92486270CE761000BBE8A /* ViewCustomTabPageIcons.swift in Sources */ = {isa = PBXBuildFile; fileRef = C4B92485270CE761000BBE8A /* ViewCustomTabPageIcons.swift */; };
		C4B92489270CECBE000BBE8A /* ViewCoreDataConnectionCRUD.swift in Sources */ = {isa = PBXBuildFile; fileRef = C4B92488270CECBE000BBE8A /* ViewCoreDataConnectionCRUD.swift */; };
		C4B9248C270CED19000BBE8A /* CoreData.xcdatamodeld in Sources */ = {isa = PBXBuildFile; fileRef = C4B9248A270CED19000BBE8A /* CoreData.xcdatamodeld */; };
		C4B9248F270E3AE7000BBE8A /* ViewCrossPlatformUI.swift in Sources */ = {isa = PBXBuildFile; fileRef = C4B9248E270E3AE7000BBE8A /* ViewCrossPlatformUI.swift */; };
		C4B92492270E4BAC000BBE8A /* ViewLoading3DObjects.swift in Sources */ = {isa = PBXBuildFile; fileRef = C4B92491270E4BAC000BBE8A /* ViewLoading3DObjects.swift */; };
		C4B92498270E4DBC000BBE8A /* Earth.usdz in Resources */ = {isa = PBXBuildFile; fileRef = C4B92493270E4DBA000BBE8A /* Earth.usdz */; };
		C4B92499270E4DBC000BBE8A /* Venus.usdz in Resources */ = {isa = PBXBuildFile; fileRef = C4B92494270E4DBB000BBE8A /* Venus.usdz */; };
		C4B9249A270E4DBC000BBE8A /* Pluto.usdz in Resources */ = {isa = PBXBuildFile; fileRef = C4B92495270E4DBB000BBE8A /* Pluto.usdz */; };
		C4B9249B270E4DBC000BBE8A /* Jupiter.usdz in Resources */ = {isa = PBXBuildFile; fileRef = C4B92496270E4DBB000BBE8A /* Jupiter.usdz */; };
		C4B9249C270E4DBC000BBE8A /* Mars.usdz in Resources */ = {isa = PBXBuildFile; fileRef = C4B92497270E4DBB000BBE8A /* Mars.usdz */; };
		C4BC34AC2714D35600948E89 /* ViewVerticalCarouselList.swift in Sources */ = {isa = PBXBuildFile; fileRef = C4BC34AB2714D35600948E89 /* ViewVerticalCarouselList.swift */; };
		C4BC34B32714DD1000948E89 /* FacebookLogin in Frameworks */ = {isa = PBXBuildFile; productRef = C4BC34B22714DD1000948E89 /* FacebookLogin */; };
		C4BC34B62716278600948E89 /* ViewSlideOutMenu.swift in Sources */ = {isa = PBXBuildFile; fileRef = C4BC34B52716278600948E89 /* ViewSlideOutMenu.swift */; };
		C4BC34B92716391F00948E89 /* StylishDashboardAppUIView.swift in Sources */ = {isa = PBXBuildFile; fileRef = C4BC34B82716391F00948E89 /* StylishDashboardAppUIView.swift */; };
		C4BC34BC2717891E00948E89 /* ViewAppLockUsingAppStorage.swift in Sources */ = {isa = PBXBuildFile; fileRef = C4BC34BB2717891E00948E89 /* ViewAppLockUsingAppStorage.swift */; };
		C4BC34BF2718CB9400948E89 /* ViewBottomSheetMapsBottomSheet.swift in Sources */ = {isa = PBXBuildFile; fileRef = C4BC34BE2718CB9400948E89 /* ViewBottomSheetMapsBottomSheet.swift */; };
		C4BC34C22718D69000948E89 /* ViewSharingImages.swift in Sources */ = {isa = PBXBuildFile; fileRef = C4BC34C12718D69000948E89 /* ViewSharingImages.swift */; };
		C4BC34C52718DA4400948E89 /* ViewAppleMiusicAnimation.swift in Sources */ = {isa = PBXBuildFile; fileRef = C4BC34C42718DA4400948E89 /* ViewAppleMiusicAnimation.swift */; };
		C4CA186C2721FF1E003A7080 /* ViewCircularSliderSeeker.swift in Sources */ = {isa = PBXBuildFile; fileRef = C4CA186B2721FF1E003A7080 /* ViewCircularSliderSeeker.swift */; };
		C4CA186F27220794003A7080 /* ViewCustomSideBarMenu.swift in Sources */ = {isa = PBXBuildFile; fileRef = C4CA186E27220794003A7080 /* ViewCustomSideBarMenu.swift */; };
		C4EB3DBA272B37FB009330BD /* ViewComplextUITutorialsRecipeUI.swift in Sources */ = {isa = PBXBuildFile; fileRef = C4EB3DB9272B37FB009330BD /* ViewComplextUITutorialsRecipeUI.swift */; };
		C4EB3DBD272B3C1A009330BD /* Recipe.swift in Sources */ = {isa = PBXBuildFile; fileRef = C4EB3DBC272B3C1A009330BD /* Recipe.swift */; };
		C4F684F626FA817800ED09A6 /* ViewDragAndDropApi.swift in Sources */ = {isa = PBXBuildFile; fileRef = C4F684F526FA817800ED09A6 /* ViewDragAndDropApi.swift */; };
/* End PBXBuildFile section */

/* Begin PBXContainerItemProxy section */
		C4A01DF326EFF77C001AF3F6 /* PBXContainerItemProxy */ = {
			isa = PBXContainerItemProxy;
			containerPortal = C4A01DD926EFF77B001AF3F6 /* Project object */;
			proxyType = 1;
			remoteGlobalIDString = C4A01DE026EFF77B001AF3F6;
			remoteInfo = TutorialWWDC2020;
		};
		C4A01DFE26EFF77C001AF3F6 /* PBXContainerItemProxy */ = {
			isa = PBXContainerItemProxy;
			containerPortal = C4A01DD926EFF77B001AF3F6 /* Project object */;
			proxyType = 1;
			remoteGlobalIDString = C4A01DE026EFF77B001AF3F6;
			remoteInfo = TutorialWWDC2020;
		};
/* End PBXContainerItemProxy section */

/* Begin PBXFileReference section */
		C4204E0F26FD2D950006554B /* PhotosUIPHPickerView.swift */ = {isa = PBXFileReference; lastKnownFileType = sourcecode.swift; path = PhotosUIPHPickerView.swift; sourceTree = "<group>"; };
		C429334B270F8CF300313A75 /* ViewTravelAppUI.swift */ = {isa = PBXFileReference; lastKnownFileType = sourcecode.swift; path = ViewTravelAppUI.swift; sourceTree = "<group>"; };
		C43C3FBE27051523004142C0 /* ViewTranslucentBackgroudEffect.swift */ = {isa = PBXFileReference; lastKnownFileType = sourcecode.swift; path = ViewTranslucentBackgroudEffect.swift; sourceTree = "<group>"; };
		C4413C6B2706640E0029F129 /* ViewInstagramStory3DCube.swift */ = {isa = PBXFileReference; lastKnownFileType = sourcecode.swift; path = ViewInstagramStory3DCube.swift; sourceTree = "<group>"; };
		C4413D1B270A41480029F129 /* ViewMuisicPlayerUiNeumorphism.swift */ = {isa = PBXFileReference; lastKnownFileType = sourcecode.swift; path = ViewMuisicPlayerUiNeumorphism.swift; sourceTree = "<group>"; };
		C4413D1E270A50650029F129 /* ViewJSONParsing.swift */ = {isa = PBXFileReference; lastKnownFileType = sourcecode.swift; path = ViewJSONParsing.swift; sourceTree = "<group>"; };
		C466E91B271E159A00548F80 /* ViewCustomAudioPlayer.swift */ = {isa = PBXFileReference; lastKnownFileType = sourcecode.swift; path = ViewCustomAudioPlayer.swift; sourceTree = "<group>"; };
		C466E91D271E163200548F80 /* audio.mp3 */ = {isa = PBXFileReference; lastKnownFileType = audio.mp3; path = audio.mp3; sourceTree = "<group>"; };
		C466E920271E231D00548F80 /* ViewDocumentPicker.swift */ = {isa = PBXFileReference; lastKnownFileType = sourcecode.swift; path = ViewDocumentPicker.swift; sourceTree = "<group>"; };
		C466E923271F640C00548F80 /* ViewRestfullApiSailsjs.swift */ = {isa = PBXFileReference; lastKnownFileType = sourcecode.swift; path = ViewRestfullApiSailsjs.swift; sourceTree = "<group>"; };
		C466E9262720BBF200548F80 /* ViewCustomCarouselListSlider.swift */ = {isa = PBXFileReference; lastKnownFileType = sourcecode.swift; path = ViewCustomCarouselListSlider.swift; sourceTree = "<group>"; };
		C46A518A272747980001B904 /* ViewJSONParsingUsingOurOwn.swift */ = {isa = PBXFileReference; lastKnownFileType = sourcecode.swift; path = ViewJSONParsingUsingOurOwn.swift; sourceTree = "<group>"; };
		C46A518D272752BF0001B904 /* ViewCustomTabBar.swift */ = {isa = PBXFileReference; lastKnownFileType = sourcecode.swift; path = ViewCustomTabBar.swift; sourceTree = "<group>"; };
		C47C44C6270262F5002A949A /* ViewShoeAppHeroAnimation.swift */ = {isa = PBXFileReference; lastKnownFileType = sourcecode.swift; path = ViewShoeAppHeroAnimation.swift; sourceTree = "<group>"; };
		C4857EB926F9369600FD4939 /* ViewHeroAnimation.swift */ = {isa = PBXFileReference; lastKnownFileType = sourcecode.swift; path = ViewHeroAnimation.swift; sourceTree = "<group>"; };
		C48774C72730908000C90E6E /* ViewOnBoardingCustomSlider.swift */ = {isa = PBXFileReference; lastKnownFileType = sourcecode.swift; path = ViewOnBoardingCustomSlider.swift; sourceTree = "<group>"; };
		C48774CA27309BD900C90E6E /* ViewLoginPageWithFaceAndTouchID.swift */ = {isa = PBXFileReference; lastKnownFileType = sourcecode.swift; path = ViewLoginPageWithFaceAndTouchID.swift; sourceTree = "<group>"; };
		C48774CD2731E0DB00C90E6E /* ViewCustomMusicPlayerCircularSlider.swift */ = {isa = PBXFileReference; lastKnownFileType = sourcecode.swift; path = ViewCustomMusicPlayerCircularSlider.swift; sourceTree = "<group>"; };
		C48774D22731E14C00C90E6E /* AlbumCustomMiusicPlayer.swift */ = {isa = PBXFileReference; lastKnownFileType = sourcecode.swift; path = AlbumCustomMiusicPlayer.swift; sourceTree = "<group>"; };
		C48774D42731E16F00C90E6E /* HomeViewModelCircularSlider.swift */ = {isa = PBXFileReference; lastKnownFileType = sourcecode.swift; path = HomeViewModelCircularSlider.swift; sourceTree = "<group>"; };
		C48774D62731E2C400C90E6E /* HomeViewCustomMusicPlayerCircularSlider.swift */ = {isa = PBXFileReference; lastKnownFileType = sourcecode.swift; path = HomeViewCustomMusicPlayerCircularSlider.swift; sourceTree = "<group>"; };
		C48774D9273342C400C90E6E /* ViewWheelRadialPicker.swift */ = {isa = PBXFileReference; lastKnownFileType = sourcecode.swift; path = ViewWheelRadialPicker.swift; sourceTree = "<group>"; };
		C48774DD2733434B00C90E6E /* HomeViewWhellRadialPicker.swift */ = {isa = PBXFileReference; lastKnownFileType = sourcecode.swift; path = HomeViewWhellRadialPicker.swift; sourceTree = "<group>"; };
		C48774DF2733441F00C90E6E /* OptionViewWhellRadialPicker.swift */ = {isa = PBXFileReference; lastKnownFileType = sourcecode.swift; path = OptionViewWhellRadialPicker.swift; sourceTree = "<group>"; };
		C48774E1273347D000C90E6E /* HomeViewModel.swift */ = {isa = PBXFileReference; lastKnownFileType = sourcecode.swift; path = HomeViewModel.swift; sourceTree = "<group>"; };
		C48774E327334B8E00C90E6E /* FunctionButtonWheelRadialPicker.swift */ = {isa = PBXFileReference; lastKnownFileType = sourcecode.swift; path = FunctionButtonWheelRadialPicker.swift; sourceTree = "<group>"; };
		C48774E627348C2500C90E6E /* ViewSmoothCurves.swift */ = {isa = PBXFileReference; lastKnownFileType = sourcecode.swift; path = ViewSmoothCurves.swift; sourceTree = "<group>"; };
		C48774E92734911A00C90E6E /* HomeSmoothCurves.swift */ = {isa = PBXFileReference; lastKnownFileType = sourcecode.swift; path = HomeSmoothCurves.swift; sourceTree = "<group>"; };
		C48774EB2734915800C90E6E /* ItemViewSmoothCurves.swift */ = {isa = PBXFileReference; lastKnownFileType = sourcecode.swift; path = ItemViewSmoothCurves.swift; sourceTree = "<group>"; };
		C48774EE2734919500C90E6E /* ItemSmoothCurves.swift */ = {isa = PBXFileReference; lastKnownFileType = sourcecode.swift; path = ItemSmoothCurves.swift; sourceTree = "<group>"; };
		C48774F0273496AC00C90E6E /* CustomCornerViewSmoothCurves.swift */ = {isa = PBXFileReference; lastKnownFileType = sourcecode.swift; path = CustomCornerViewSmoothCurves.swift; sourceTree = "<group>"; };
		C48774F227349A5000C90E6E /* ViewDetailSmoothCurves.swift */ = {isa = PBXFileReference; lastKnownFileType = sourcecode.swift; path = ViewDetailSmoothCurves.swift; sourceTree = "<group>"; };
		C491F7B326FBCE46000A58CF /* HomeParallaxScrolling.swift */ = {isa = PBXFileReference; lastKnownFileType = sourcecode.swift; path = HomeParallaxScrolling.swift; sourceTree = "<group>"; };
		C491F7B626FBD39A000A58CF /* HomeCustomPathsSolidAnimations.swift */ = {isa = PBXFileReference; lastKnownFileType = sourcecode.swift; path = HomeCustomPathsSolidAnimations.swift; sourceTree = "<group>"; };
		C49684D726F1447E0061949E /* HomeChatUIImagePicker.swift */ = {isa = PBXFileReference; lastKnownFileType = sourcecode.swift; path = HomeChatUIImagePicker.swift; sourceTree = "<group>"; };
		C496851126F292580061949E /* HomeTabViewWithSwipeGesture.swift */ = {isa = PBXFileReference; lastKnownFileType = sourcecode.swift; path = HomeTabViewWithSwipeGesture.swift; sourceTree = "<group>"; };
		C496851426F29FC40061949E /* HomeDepthStacksGestures.swift */ = {isa = PBXFileReference; lastKnownFileType = sourcecode.swift; path = HomeDepthStacksGestures.swift; sourceTree = "<group>"; };
		C496851826F3E38C0061949E /* HomeFitnessDashboardBarCharts.swift */ = {isa = PBXFileReference; lastKnownFileType = sourcecode.swift; path = HomeFitnessDashboardBarCharts.swift; sourceTree = "<group>"; };
		C496851B26F3F3EE0061949E /* HomeLoginPageCustomCurvesShapes.swift */ = {isa = PBXFileReference; lastKnownFileType = sourcecode.swift; path = HomeLoginPageCustomCurvesShapes.swift; sourceTree = "<group>"; };
		C4A01DE126EFF77B001AF3F6 /* TutorialWWDC2020.app */ = {isa = PBXFileReference; explicitFileType = wrapper.application; includeInIndex = 0; path = TutorialWWDC2020.app; sourceTree = BUILT_PRODUCTS_DIR; };
		C4A01DE426EFF77B001AF3F6 /* TutorialWWDC2020App.swift */ = {isa = PBXFileReference; lastKnownFileType = sourcecode.swift; path = TutorialWWDC2020App.swift; sourceTree = "<group>"; };
		C4A01DE626EFF77B001AF3F6 /* ContentView.swift */ = {isa = PBXFileReference; lastKnownFileType = sourcecode.swift; path = ContentView.swift; sourceTree = "<group>"; };
		C4A01DE826EFF77C001AF3F6 /* Assets.xcassets */ = {isa = PBXFileReference; lastKnownFileType = folder.assetcatalog; path = Assets.xcassets; sourceTree = "<group>"; };
		C4A01DEB26EFF77C001AF3F6 /* Preview Assets.xcassets */ = {isa = PBXFileReference; lastKnownFileType = folder.assetcatalog; path = "Preview Assets.xcassets"; sourceTree = "<group>"; };
		C4A01DED26EFF77C001AF3F6 /* Info.plist */ = {isa = PBXFileReference; lastKnownFileType = text.plist.xml; path = Info.plist; sourceTree = "<group>"; };
		C4A01DF226EFF77C001AF3F6 /* TutorialWWDC2020Tests.xctest */ = {isa = PBXFileReference; explicitFileType = wrapper.cfbundle; includeInIndex = 0; path = TutorialWWDC2020Tests.xctest; sourceTree = BUILT_PRODUCTS_DIR; };
		C4A01DF626EFF77C001AF3F6 /* TutorialWWDC2020Tests.swift */ = {isa = PBXFileReference; lastKnownFileType = sourcecode.swift; path = TutorialWWDC2020Tests.swift; sourceTree = "<group>"; };
		C4A01DF826EFF77C001AF3F6 /* Info.plist */ = {isa = PBXFileReference; lastKnownFileType = text.plist.xml; path = Info.plist; sourceTree = "<group>"; };
		C4A01DFD26EFF77C001AF3F6 /* TutorialWWDC2020UITests.xctest */ = {isa = PBXFileReference; explicitFileType = wrapper.cfbundle; includeInIndex = 0; path = TutorialWWDC2020UITests.xctest; sourceTree = BUILT_PRODUCTS_DIR; };
		C4A01E0126EFF77C001AF3F6 /* TutorialWWDC2020UITests.swift */ = {isa = PBXFileReference; lastKnownFileType = sourcecode.swift; path = TutorialWWDC2020UITests.swift; sourceTree = "<group>"; };
		C4A01E0326EFF77C001AF3F6 /* Info.plist */ = {isa = PBXFileReference; lastKnownFileType = text.plist.xml; path = Info.plist; sourceTree = "<group>"; };
		C4A01E1026EFF85F001AF3F6 /* HomeAppleMiusicAnimations.swift */ = {isa = PBXFileReference; lastKnownFileType = sourcecode.swift; path = HomeAppleMiusicAnimations.swift; sourceTree = "<group>"; };
		C4A01E1326EFFF0A001AF3F6 /* HomeCustomGridsAndAnimations.swift */ = {isa = PBXFileReference; lastKnownFileType = sourcecode.swift; path = HomeCustomGridsAndAnimations.swift; sourceTree = "<group>"; };
		C4A551FF2729FE6900A2D512 /* ViewGif.swift */ = {isa = PBXFileReference; lastKnownFileType = sourcecode.swift; path = ViewGif.swift; sourceTree = "<group>"; };
		C4A552012729FFBF00A2D512 /* GifController.swift */ = {isa = PBXFileReference; lastKnownFileType = sourcecode.swift; path = GifController.swift; sourceTree = "<group>"; };
		C4B924492728998600FB8AFF /* ViewAnalogClockApp.swift */ = {isa = PBXFileReference; lastKnownFileType = sourcecode.swift; path = ViewAnalogClockApp.swift; sourceTree = "<group>"; };
		C4B9244C2728A37600FB8AFF /* ViewNikeShowUI.swift */ = {isa = PBXFileReference; lastKnownFileType = sourcecode.swift; path = ViewNikeShowUI.swift; sourceTree = "<group>"; };
		C4B92482270B9FCB000BBE8A /* ViewGradientPickerAPI.swift */ = {isa = PBXFileReference; lastKnownFileType = sourcecode.swift; path = ViewGradientPickerAPI.swift; sourceTree = "<group>"; };
		C4B92485270CE761000BBE8A /* ViewCustomTabPageIcons.swift */ = {isa = PBXFileReference; lastKnownFileType = sourcecode.swift; path = ViewCustomTabPageIcons.swift; sourceTree = "<group>"; };
		C4B92488270CECBE000BBE8A /* ViewCoreDataConnectionCRUD.swift */ = {isa = PBXFileReference; lastKnownFileType = sourcecode.swift; path = ViewCoreDataConnectionCRUD.swift; sourceTree = "<group>"; };
		C4B9248B270CED19000BBE8A /* CoreData.xcdatamodel */ = {isa = PBXFileReference; lastKnownFileType = wrapper.xcdatamodel; path = CoreData.xcdatamodel; sourceTree = "<group>"; };
		C4B9248E270E3AE7000BBE8A /* ViewCrossPlatformUI.swift */ = {isa = PBXFileReference; lastKnownFileType = sourcecode.swift; path = ViewCrossPlatformUI.swift; sourceTree = "<group>"; };
		C4B92491270E4BAC000BBE8A /* ViewLoading3DObjects.swift */ = {isa = PBXFileReference; lastKnownFileType = sourcecode.swift; path = ViewLoading3DObjects.swift; sourceTree = "<group>"; };
		C4B92493270E4DBA000BBE8A /* Earth.usdz */ = {isa = PBXFileReference; lastKnownFileType = file.usdz; path = Earth.usdz; sourceTree = "<group>"; };
		C4B92494270E4DBB000BBE8A /* Venus.usdz */ = {isa = PBXFileReference; lastKnownFileType = file.usdz; path = Venus.usdz; sourceTree = "<group>"; };
		C4B92495270E4DBB000BBE8A /* Pluto.usdz */ = {isa = PBXFileReference; lastKnownFileType = file.usdz; path = Pluto.usdz; sourceTree = "<group>"; };
		C4B92496270E4DBB000BBE8A /* Jupiter.usdz */ = {isa = PBXFileReference; lastKnownFileType = file.usdz; path = Jupiter.usdz; sourceTree = "<group>"; };
		C4B92497270E4DBB000BBE8A /* Mars.usdz */ = {isa = PBXFileReference; lastKnownFileType = file.usdz; path = Mars.usdz; sourceTree = "<group>"; };
		C4BC34AB2714D35600948E89 /* ViewVerticalCarouselList.swift */ = {isa = PBXFileReference; lastKnownFileType = sourcecode.swift; path = ViewVerticalCarouselList.swift; sourceTree = "<group>"; };
		C4BC34AF2714DAC600948E89 /* ViewFacebookLogin.swift */ = {isa = PBXFileReference; lastKnownFileType = sourcecode.swift; path = ViewFacebookLogin.swift; sourceTree = "<group>"; };
		C4BC34B52716278600948E89 /* ViewSlideOutMenu.swift */ = {isa = PBXFileReference; lastKnownFileType = sourcecode.swift; path = ViewSlideOutMenu.swift; sourceTree = "<group>"; };
		C4BC34B82716391F00948E89 /* StylishDashboardAppUIView.swift */ = {isa = PBXFileReference; lastKnownFileType = sourcecode.swift; path = StylishDashboardAppUIView.swift; sourceTree = "<group>"; };
		C4BC34BB2717891E00948E89 /* ViewAppLockUsingAppStorage.swift */ = {isa = PBXFileReference; lastKnownFileType = sourcecode.swift; path = ViewAppLockUsingAppStorage.swift; sourceTree = "<group>"; };
		C4BC34BE2718CB9400948E89 /* ViewBottomSheetMapsBottomSheet.swift */ = {isa = PBXFileReference; lastKnownFileType = sourcecode.swift; path = ViewBottomSheetMapsBottomSheet.swift; sourceTree = "<group>"; };
		C4BC34C12718D69000948E89 /* ViewSharingImages.swift */ = {isa = PBXFileReference; lastKnownFileType = sourcecode.swift; path = ViewSharingImages.swift; sourceTree = "<group>"; };
		C4BC34C42718DA4400948E89 /* ViewAppleMiusicAnimation.swift */ = {isa = PBXFileReference; lastKnownFileType = sourcecode.swift; path = ViewAppleMiusicAnimation.swift; sourceTree = "<group>"; };
		C4CA186B2721FF1E003A7080 /* ViewCircularSliderSeeker.swift */ = {isa = PBXFileReference; lastKnownFileType = sourcecode.swift; path = ViewCircularSliderSeeker.swift; sourceTree = "<group>"; };
		C4CA186E27220794003A7080 /* ViewCustomSideBarMenu.swift */ = {isa = PBXFileReference; lastKnownFileType = sourcecode.swift; path = ViewCustomSideBarMenu.swift; sourceTree = "<group>"; };
		C4D8DBF026FD1A0400AA3A91 /* iMessagePinnedView.swift */ = {isa = PBXFileReference; lastKnownFileType = sourcecode.swift; path = iMessagePinnedView.swift; sourceTree = "<group>"; };
		C4EB3DB9272B37FB009330BD /* ViewComplextUITutorialsRecipeUI.swift */ = {isa = PBXFileReference; lastKnownFileType = sourcecode.swift; path = ViewComplextUITutorialsRecipeUI.swift; sourceTree = "<group>"; };
		C4EB3DBC272B3C1A009330BD /* Recipe.swift */ = {isa = PBXFileReference; lastKnownFileType = sourcecode.swift; path = Recipe.swift; sourceTree = "<group>"; };
		C4F684F526FA817800ED09A6 /* ViewDragAndDropApi.swift */ = {isa = PBXFileReference; lastKnownFileType = sourcecode.swift; path = ViewDragAndDropApi.swift; sourceTree = "<group>"; };
/* End PBXFileReference section */

/* Begin PBXFrameworksBuildPhase section */
		C4A01DDE26EFF77B001AF3F6 /* Frameworks */ = {
			isa = PBXFrameworksBuildPhase;
			buildActionMask = 2147483647;
			files = (
				C4A551FD2729FE4200A2D512 /* GiphyUISDK in Frameworks */,
				C4BC34B32714DD1000948E89 /* FacebookLogin in Frameworks */,
				C4413D22270A50CE0029F129 /* SDWebImageSwiftUI in Frameworks */,
			);
			runOnlyForDeploymentPostprocessing = 0;
		};
		C4A01DEF26EFF77C001AF3F6 /* Frameworks */ = {
			isa = PBXFrameworksBuildPhase;
			buildActionMask = 2147483647;
			files = (
			);
			runOnlyForDeploymentPostprocessing = 0;
		};
		C4A01DFA26EFF77C001AF3F6 /* Frameworks */ = {
			isa = PBXFrameworksBuildPhase;
			buildActionMask = 2147483647;
			files = (
			);
			runOnlyForDeploymentPostprocessing = 0;
		};
/* End PBXFrameworksBuildPhase section */

/* Begin PBXGroup section */
		C4204E0E26FD2D410006554B /* NewPHPickerAPIPhotosUI */ = {
			isa = PBXGroup;
			children = (
				C4204E0F26FD2D950006554B /* PhotosUIPHPickerView.swift */,
			);
			path = NewPHPickerAPIPhotosUI;
			sourceTree = "<group>";
		};
		C429334A270F8CC400313A75 /* TravelAppUI */ = {
			isa = PBXGroup;
			children = (
				C429334B270F8CF300313A75 /* ViewTravelAppUI.swift */,
			);
			path = TravelAppUI;
			sourceTree = "<group>";
		};
		C43C3FBD270514FA004142C0 /* TransucentBackgroudEffect */ = {
			isa = PBXGroup;
			children = (
				C43C3FBE27051523004142C0 /* ViewTranslucentBackgroudEffect.swift */,
			);
			path = TransucentBackgroudEffect;
			sourceTree = "<group>";
		};
		C4413C6A270663D90029F129 /* CubeTransitionInstagramStory3DCube */ = {
			isa = PBXGroup;
			children = (
				C4413C6B2706640E0029F129 /* ViewInstagramStory3DCube.swift */,
			);
			path = CubeTransitionInstagramStory3DCube;
			sourceTree = "<group>";
		};
		C4413D1A270A41050029F129 /* NeumorphicDesignMuiscPlayerUI */ = {
			isa = PBXGroup;
			children = (
				C4413D1B270A41480029F129 /* ViewMuisicPlayerUiNeumorphism.swift */,
			);
			path = NeumorphicDesignMuiscPlayerUI;
			sourceTree = "<group>";
		};
		C4413D1D270A50430029F129 /* JSONParsing */ = {
			isa = PBXGroup;
			children = (
				C4413D1E270A50650029F129 /* ViewJSONParsing.swift */,
			);
			path = JSONParsing;
			sourceTree = "<group>";
		};
		C466E91A271E156900548F80 /* CircularAudioVisualizer */ = {
			isa = PBXGroup;
			children = (
				C466E91B271E159A00548F80 /* ViewCustomAudioPlayer.swift */,
			);
			path = CircularAudioVisualizer;
			sourceTree = "<group>";
		};
		C466E91F271E22ED00548F80 /* FileImporter&FileExporter */ = {
			isa = PBXGroup;
			children = (
				C466E920271E231D00548F80 /* ViewDocumentPicker.swift */,
			);
			path = "FileImporter&FileExporter";
			sourceTree = "<group>";
		};
		C466E922271F63B700548F80 /* RestApi'sUsingSailsjs */ = {
			isa = PBXGroup;
			children = (
				C466E923271F640C00548F80 /* ViewRestfullApiSailsjs.swift */,
			);
			path = "RestApi'sUsingSailsjs";
			sourceTree = "<group>";
		};
		C466E9252720BBCE00548F80 /* StackedCarouselSlider */ = {
			isa = PBXGroup;
			children = (
				C466E9262720BBF200548F80 /* ViewCustomCarouselListSlider.swift */,
			);
			path = StackedCarouselSlider;
			sourceTree = "<group>";
		};
		C46A51892727476E0001B904 /* JSONParsingUsingOurOwn */ = {
			isa = PBXGroup;
			children = (
				C46A518A272747980001B904 /* ViewJSONParsingUsingOurOwn.swift */,
			);
			path = JSONParsingUsingOurOwn;
			sourceTree = "<group>";
		};
		C46A518C2727528A0001B904 /* CustomTabBarPreservingState */ = {
			isa = PBXGroup;
			children = (
				C46A518D272752BF0001B904 /* ViewCustomTabBar.swift */,
			);
			path = CustomTabBarPreservingState;
			sourceTree = "<group>";
		};
		C47C44C5270262C1002A949A /* ShoeAppHeroAnimationCustomTabMenu's */ = {
			isa = PBXGroup;
			children = (
				C47C44C6270262F5002A949A /* ViewShoeAppHeroAnimation.swift */,
			);
			path = "ShoeAppHeroAnimationCustomTabMenu's";
			sourceTree = "<group>";
		};
		C4857EB826F9364000FD4939 /* CustomAnimationsHeroAnimation */ = {
			isa = PBXGroup;
			children = (
				C4857EB926F9369600FD4939 /* ViewHeroAnimation.swift */,
			);
			path = CustomAnimationsHeroAnimation;
			sourceTree = "<group>";
		};
		C48774C62730905000C90E6E /* OnBoardingScreenwidthCustomSlider */ = {
			isa = PBXGroup;
			children = (
				C48774C72730908000C90E6E /* ViewOnBoardingCustomSlider.swift */,
			);
			path = OnBoardingScreenwidthCustomSlider;
			sourceTree = "<group>";
		};
		C48774C927309BAA00C90E6E /* LoginPageWithFaceAndTouchID */ = {
			isa = PBXGroup;
			children = (
				C48774CA27309BD900C90E6E /* ViewLoginPageWithFaceAndTouchID.swift */,
			);
			path = LoginPageWithFaceAndTouchID;
			sourceTree = "<group>";
		};
		C48774CC2731E05400C90E6E /* CustomMusicPlayerCircularSlider */ = {
			isa = PBXGroup;
			children = (
				C48774D12731E10F00C90E6E /* ViewModel */,
				C48774D02731E0F900C90E6E /* Model */,
				C48774CF2731E0F000C90E6E /* View */,
				C48774CD2731E0DB00C90E6E /* ViewCustomMusicPlayerCircularSlider.swift */,
			);
			path = CustomMusicPlayerCircularSlider;
			sourceTree = "<group>";
		};
		C48774CF2731E0F000C90E6E /* View */ = {
			isa = PBXGroup;
			children = (
				C48774D62731E2C400C90E6E /* HomeViewCustomMusicPlayerCircularSlider.swift */,
			);
			path = View;
			sourceTree = "<group>";
		};
		C48774D02731E0F900C90E6E /* Model */ = {
			isa = PBXGroup;
			children = (
				C48774D22731E14C00C90E6E /* AlbumCustomMiusicPlayer.swift */,
			);
			path = Model;
			sourceTree = "<group>";
		};
		C48774D12731E10F00C90E6E /* ViewModel */ = {
			isa = PBXGroup;
			children = (
				C48774D42731E16F00C90E6E /* HomeViewModelCircularSlider.swift */,
			);
			path = ViewModel;
			sourceTree = "<group>";
		};
		C48774D82733427C00C90E6E /* WhellRadialPicker */ = {
			isa = PBXGroup;
			children = (
				C48774DC2733432500C90E6E /* ViewModel */,
				C48774DB2733431D00C90E6E /* View */,
				C48774D9273342C400C90E6E /* ViewWheelRadialPicker.swift */,
			);
			path = WhellRadialPicker;
			sourceTree = "<group>";
		};
		C48774DB2733431D00C90E6E /* View */ = {
			isa = PBXGroup;
			children = (
				C48774DD2733434B00C90E6E /* HomeViewWhellRadialPicker.swift */,
				C48774DF2733441F00C90E6E /* OptionViewWhellRadialPicker.swift */,
				C48774E327334B8E00C90E6E /* FunctionButtonWheelRadialPicker.swift */,
			);
			path = View;
			sourceTree = "<group>";
		};
		C48774DC2733432500C90E6E /* ViewModel */ = {
			isa = PBXGroup;
			children = (
				C48774E1273347D000C90E6E /* HomeViewModel.swift */,
			);
			path = ViewModel;
			sourceTree = "<group>";
		};
		C48774E527348B6B00C90E6E /* SmoothCurversFoodApp */ = {
			isa = PBXGroup;
			children = (
				C48774ED2734916400C90E6E /* Model */,
				C48774E8273490A100C90E6E /* View */,
				C48774E627348C2500C90E6E /* ViewSmoothCurves.swift */,
			);
			path = SmoothCurversFoodApp;
			sourceTree = "<group>";
		};
		C48774E8273490A100C90E6E /* View */ = {
			isa = PBXGroup;
			children = (
				C48774E92734911A00C90E6E /* HomeSmoothCurves.swift */,
				C48774EB2734915800C90E6E /* ItemViewSmoothCurves.swift */,
				C48774F0273496AC00C90E6E /* CustomCornerViewSmoothCurves.swift */,
				C48774F227349A5000C90E6E /* ViewDetailSmoothCurves.swift */,
			);
			path = View;
			sourceTree = "<group>";
		};
		C48774ED2734916400C90E6E /* Model */ = {
			isa = PBXGroup;
			children = (
				C48774EE2734919500C90E6E /* ItemSmoothCurves.swift */,
			);
			path = Model;
			sourceTree = "<group>";
		};
		C491F7B226FBCE15000A58CF /* ParallxEffectParallaxScrolling */ = {
			isa = PBXGroup;
			children = (
				C491F7B326FBCE46000A58CF /* HomeParallaxScrolling.swift */,
			);
			path = ParallxEffectParallaxScrolling;
			sourceTree = "<group>";
		};
		C491F7B526FBD35C000A58CF /* CurvedTabBarSolidAnimations */ = {
			isa = PBXGroup;
			children = (
				C491F7B626FBD39A000A58CF /* HomeCustomPathsSolidAnimations.swift */,
			);
			path = CurvedTabBarSolidAnimations;
			sourceTree = "<group>";
		};
		C49684D626F144520061949E /* ChatUIImagePicker */ = {
			isa = PBXGroup;
			children = (
				C49684D726F1447E0061949E /* HomeChatUIImagePicker.swift */,
			);
			path = ChatUIImagePicker;
			sourceTree = "<group>";
		};
		C496851026F2921F0061949E /* DashboardGridsTabViewWithSwipeGestures */ = {
			isa = PBXGroup;
			children = (
				C496851126F292580061949E /* HomeTabViewWithSwipeGesture.swift */,
			);
			path = DashboardGridsTabViewWithSwipeGestures;
			sourceTree = "<group>";
		};
		C496851326F29F7F0061949E /* DatingUIDepthStacksGesture */ = {
			isa = PBXGroup;
			children = (
				C496851426F29FC40061949E /* HomeDepthStacksGestures.swift */,
			);
			path = DatingUIDepthStacksGesture;
			sourceTree = "<group>";
		};
		C496851726F3E3600061949E /* FitnessDashboardBarCharts */ = {
			isa = PBXGroup;
			children = (
				C496851826F3E38C0061949E /* HomeFitnessDashboardBarCharts.swift */,
			);
			path = FitnessDashboardBarCharts;
			sourceTree = "<group>";
		};
		C496851A26F3F3C00061949E /* LoginPageCustomCurvesShapes */ = {
			isa = PBXGroup;
			children = (
				C496851B26F3F3EE0061949E /* HomeLoginPageCustomCurvesShapes.swift */,
			);
			path = LoginPageCustomCurvesShapes;
			sourceTree = "<group>";
		};
		C4A01DD826EFF77B001AF3F6 = {
			isa = PBXGroup;
			children = (
				C466E91D271E163200548F80 /* audio.mp3 */,
				C4A01DE326EFF77B001AF3F6 /* TutorialWWDC2020 */,
				C4A01DF526EFF77C001AF3F6 /* TutorialWWDC2020Tests */,
				C4A01E0026EFF77C001AF3F6 /* TutorialWWDC2020UITests */,
				C4A01DE226EFF77B001AF3F6 /* Products */,
			);
			sourceTree = "<group>";
		};
		C4A01DE226EFF77B001AF3F6 /* Products */ = {
			isa = PBXGroup;
			children = (
				C4A01DE126EFF77B001AF3F6 /* TutorialWWDC2020.app */,
				C4A01DF226EFF77C001AF3F6 /* TutorialWWDC2020Tests.xctest */,
				C4A01DFD26EFF77C001AF3F6 /* TutorialWWDC2020UITests.xctest */,
			);
			name = Products;
			sourceTree = "<group>";
		};
		C4A01DE326EFF77B001AF3F6 /* TutorialWWDC2020 */ = {
			isa = PBXGroup;
			children = (
				C496851326F29F7F0061949E /* DatingUIDepthStacksGesture */,
				C496851026F2921F0061949E /* DashboardGridsTabViewWithSwipeGestures */,
				C49684D626F144520061949E /* ChatUIImagePicker */,
				C4A01E1226EFFED3001AF3F6 /* CustomGridsAndAnimations */,
				C4A01E0F26EFF790001AF3F6 /* AppleMiusciAnimations */,
				C496851726F3E3600061949E /* FitnessDashboardBarCharts */,
				C496851A26F3F3C00061949E /* LoginPageCustomCurvesShapes */,
				C4F684F426FA814C00ED09A6 /* DragAndDropAPI */,
				C4857EB826F9364000FD4939 /* CustomAnimationsHeroAnimation */,
				C491F7B226FBCE15000A58CF /* ParallxEffectParallaxScrolling */,
				C491F7B526FBD35C000A58CF /* CurvedTabBarSolidAnimations */,
				C4D8DBEF26FD19D100AA3A91 /* IMessagePinnedViewSwipeActions */,
				C4204E0E26FD2D410006554B /* NewPHPickerAPIPhotosUI */,
				C47C44C5270262C1002A949A /* ShoeAppHeroAnimationCustomTabMenu's */,
				C43C3FBD270514FA004142C0 /* TransucentBackgroudEffect */,
				C4413C6A270663D90029F129 /* CubeTransitionInstagramStory3DCube */,
				C4413D1A270A41050029F129 /* NeumorphicDesignMuiscPlayerUI */,
				C4413D1D270A50430029F129 /* JSONParsing */,
				C4B92481270B9F69000BBE8A /* GradientPickerAPI-Grids */,
				C4B92484270CE724000BBE8A /* CustomTabViewpageIcons */,
				C4B92487270CEC7C000BBE8A /* CoreDataConnectionCRUDOperation NSMVVM */,
				C4B9248D270E3AAE000BBE8A /* AppForIphoneeIpad */,
				C4B92490270E4B82000BBE8A /* SceneKitLoading3DObjects */,
				C429334A270F8CC400313A75 /* TravelAppUI */,
				C4BC34AA2714D2F900948E89 /* VerticalCarouselList */,
				C4BC34AE2714DA9400948E89 /* FacebookLoginLoginSDK */,
				C4BC34B42716276000948E89 /* TwitterSlideOutMenu */,
				C4BC34B7271638DC00948E89 /* StylishDashboardAppUI */,
				C4BC34BA271788EA00948E89 /* AppLockUsing@AppStorage */,
				C4BC34BD2718CB5D00948E89 /* BottomSheetAppleMapsBottoSheet */,
				C4BC34C02718D5E300948E89 /* ShareSheetSharingImage */,
				C4BC34C32718DA1900948E89 /* AppleMiusicHeaderAnimation */,
				C466E91A271E156900548F80 /* CircularAudioVisualizer */,
				C466E91F271E22ED00548F80 /* FileImporter&FileExporter */,
				C466E922271F63B700548F80 /* RestApi'sUsingSailsjs */,
				C466E9252720BBCE00548F80 /* StackedCarouselSlider */,
				C4CA186A2721FEE2003A7080 /* AppleWalletCircular */,
				C4CA186D272206A4003A7080 /* CustomnavigationMenu */,
				C46A51892727476E0001B904 /* JSONParsingUsingOurOwn */,
				C46A518C2727528A0001B904 /* CustomTabBarPreservingState */,
				C4B924482728997000FB8AFF /* AnalogClockApp */,
				C4B9244B2728A34500FB8AFF /* NikeShoeUIApp */,
				C4EB3DB8272B3793009330BD /* ComplexUiTutorialsRecipeUI */,
				C4A551FE2729FE4C00A2D512 /* OpeningGifFiles */,
				C48774C62730905000C90E6E /* OnBoardingScreenwidthCustomSlider */,
				C48774C927309BAA00C90E6E /* LoginPageWithFaceAndTouchID */,
				C48774CC2731E05400C90E6E /* CustomMusicPlayerCircularSlider */,
				C48774D82733427C00C90E6E /* WhellRadialPicker */,
				C48774E527348B6B00C90E6E /* SmoothCurversFoodApp */,
				C4A01DE826EFF77C001AF3F6 /* Assets.xcassets */,
				C4A01DE626EFF77B001AF3F6 /* ContentView.swift */,
				C4A01DE426EFF77B001AF3F6 /* TutorialWWDC2020App.swift */,
				C4A01DED26EFF77C001AF3F6 /* Info.plist */,
				C4A01DEA26EFF77C001AF3F6 /* Preview Content */,
			);
			path = TutorialWWDC2020;
			sourceTree = "<group>";
		};
		C4A01DEA26EFF77C001AF3F6 /* Preview Content */ = {
			isa = PBXGroup;
			children = (
				C4A01DEB26EFF77C001AF3F6 /* Preview Assets.xcassets */,
			);
			path = "Preview Content";
			sourceTree = "<group>";
		};
		C4A01DF526EFF77C001AF3F6 /* TutorialWWDC2020Tests */ = {
			isa = PBXGroup;
			children = (
				C4A01DF626EFF77C001AF3F6 /* TutorialWWDC2020Tests.swift */,
				C4A01DF826EFF77C001AF3F6 /* Info.plist */,
			);
			path = TutorialWWDC2020Tests;
			sourceTree = "<group>";
		};
		C4A01E0026EFF77C001AF3F6 /* TutorialWWDC2020UITests */ = {
			isa = PBXGroup;
			children = (
				C4A01E0126EFF77C001AF3F6 /* TutorialWWDC2020UITests.swift */,
				C4A01E0326EFF77C001AF3F6 /* Info.plist */,
			);
			path = TutorialWWDC2020UITests;
			sourceTree = "<group>";
		};
		C4A01E0F26EFF790001AF3F6 /* AppleMiusciAnimations */ = {
			isa = PBXGroup;
			children = (
				C4A01E1026EFF85F001AF3F6 /* HomeAppleMiusicAnimations.swift */,
			);
			path = AppleMiusciAnimations;
			sourceTree = "<group>";
		};
		C4A01E1226EFFED3001AF3F6 /* CustomGridsAndAnimations */ = {
			isa = PBXGroup;
			children = (
				C4A01E1326EFFF0A001AF3F6 /* HomeCustomGridsAndAnimations.swift */,
			);
			path = CustomGridsAndAnimations;
			sourceTree = "<group>";
		};
		C4A551FE2729FE4C00A2D512 /* OpeningGifFiles */ = {
			isa = PBXGroup;
			children = (
				C4A551FF2729FE6900A2D512 /* ViewGif.swift */,
				C4A552012729FFBF00A2D512 /* GifController.swift */,
			);
			path = OpeningGifFiles;
			sourceTree = "<group>";
		};
		C4B924482728997000FB8AFF /* AnalogClockApp */ = {
			isa = PBXGroup;
			children = (
				C4B924492728998600FB8AFF /* ViewAnalogClockApp.swift */,
			);
			path = AnalogClockApp;
			sourceTree = "<group>";
		};
		C4B9244B2728A34500FB8AFF /* NikeShoeUIApp */ = {
			isa = PBXGroup;
			children = (
				C4B9244C2728A37600FB8AFF /* ViewNikeShowUI.swift */,
			);
			path = NikeShoeUIApp;
			sourceTree = "<group>";
		};
		C4B92481270B9F69000BBE8A /* GradientPickerAPI-Grids */ = {
			isa = PBXGroup;
			children = (
				C4B92482270B9FCB000BBE8A /* ViewGradientPickerAPI.swift */,
			);
			path = "GradientPickerAPI-Grids";
			sourceTree = "<group>";
		};
		C4B92484270CE724000BBE8A /* CustomTabViewpageIcons */ = {
			isa = PBXGroup;
			children = (
				C4B92485270CE761000BBE8A /* ViewCustomTabPageIcons.swift */,
			);
			path = CustomTabViewpageIcons;
			sourceTree = "<group>";
		};
		C4B92487270CEC7C000BBE8A /* CoreDataConnectionCRUDOperation NSMVVM */ = {
			isa = PBXGroup;
			children = (
				C4B92488270CECBE000BBE8A /* ViewCoreDataConnectionCRUD.swift */,
				C4B9248A270CED19000BBE8A /* CoreData.xcdatamodeld */,
			);
			path = "CoreDataConnectionCRUDOperation NSMVVM";
			sourceTree = "<group>";
		};
		C4B9248D270E3AAE000BBE8A /* AppForIphoneeIpad */ = {
			isa = PBXGroup;
			children = (
				C4B9248E270E3AE7000BBE8A /* ViewCrossPlatformUI.swift */,
			);
			path = AppForIphoneeIpad;
			sourceTree = "<group>";
		};
		C4B92490270E4B82000BBE8A /* SceneKitLoading3DObjects */ = {
			isa = PBXGroup;
			children = (
				C4B9249D270E4DCB000BBE8A /* Objects */,
				C4B92491270E4BAC000BBE8A /* ViewLoading3DObjects.swift */,
			);
			path = SceneKitLoading3DObjects;
			sourceTree = "<group>";
		};
		C4B9249D270E4DCB000BBE8A /* Objects */ = {
			isa = PBXGroup;
			children = (
				C4B92493270E4DBA000BBE8A /* Earth.usdz */,
				C4B92496270E4DBB000BBE8A /* Jupiter.usdz */,
				C4B92497270E4DBB000BBE8A /* Mars.usdz */,
				C4B92495270E4DBB000BBE8A /* Pluto.usdz */,
				C4B92494270E4DBB000BBE8A /* Venus.usdz */,
			);
			path = Objects;
			sourceTree = "<group>";
		};
		C4BC34AA2714D2F900948E89 /* VerticalCarouselList */ = {
			isa = PBXGroup;
			children = (
				C4BC34AB2714D35600948E89 /* ViewVerticalCarouselList.swift */,
			);
			path = VerticalCarouselList;
			sourceTree = "<group>";
		};
		C4BC34AE2714DA9400948E89 /* FacebookLoginLoginSDK */ = {
			isa = PBXGroup;
			children = (
				C4BC34AF2714DAC600948E89 /* ViewFacebookLogin.swift */,
			);
			path = FacebookLoginLoginSDK;
			sourceTree = "<group>";
		};
		C4BC34B42716276000948E89 /* TwitterSlideOutMenu */ = {
			isa = PBXGroup;
			children = (
				C4BC34B52716278600948E89 /* ViewSlideOutMenu.swift */,
			);
			path = TwitterSlideOutMenu;
			sourceTree = "<group>";
		};
		C4BC34B7271638DC00948E89 /* StylishDashboardAppUI */ = {
			isa = PBXGroup;
			children = (
				C4BC34B82716391F00948E89 /* StylishDashboardAppUIView.swift */,
			);
			path = StylishDashboardAppUI;
			sourceTree = "<group>";
		};
		C4BC34BA271788EA00948E89 /* AppLockUsing@AppStorage */ = {
			isa = PBXGroup;
			children = (
				C4BC34BB2717891E00948E89 /* ViewAppLockUsingAppStorage.swift */,
			);
			path = "AppLockUsing@AppStorage";
			sourceTree = "<group>";
		};
		C4BC34BD2718CB5D00948E89 /* BottomSheetAppleMapsBottoSheet */ = {
			isa = PBXGroup;
			children = (
				C4BC34BE2718CB9400948E89 /* ViewBottomSheetMapsBottomSheet.swift */,
			);
			path = BottomSheetAppleMapsBottoSheet;
			sourceTree = "<group>";
		};
		C4BC34C02718D5E300948E89 /* ShareSheetSharingImage */ = {
			isa = PBXGroup;
			children = (
				C4BC34C12718D69000948E89 /* ViewSharingImages.swift */,
			);
			path = ShareSheetSharingImage;
			sourceTree = "<group>";
		};
		C4BC34C32718DA1900948E89 /* AppleMiusicHeaderAnimation */ = {
			isa = PBXGroup;
			children = (
				C4BC34C42718DA4400948E89 /* ViewAppleMiusicAnimation.swift */,
			);
			path = AppleMiusicHeaderAnimation;
			sourceTree = "<group>";
		};
		C4CA186A2721FEE2003A7080 /* AppleWalletCircular */ = {
			isa = PBXGroup;
			children = (
				C4CA186B2721FF1E003A7080 /* ViewCircularSliderSeeker.swift */,
			);
			path = AppleWalletCircular;
			sourceTree = "<group>";
		};
		C4CA186D272206A4003A7080 /* CustomnavigationMenu */ = {
			isa = PBXGroup;
			children = (
				C4CA186E27220794003A7080 /* ViewCustomSideBarMenu.swift */,
			);
			path = CustomnavigationMenu;
			sourceTree = "<group>";
		};
		C4D8DBEF26FD19D100AA3A91 /* IMessagePinnedViewSwipeActions */ = {
			isa = PBXGroup;
			children = (
				C4D8DBF026FD1A0400AA3A91 /* iMessagePinnedView.swift */,
			);
			path = IMessagePinnedViewSwipeActions;
			sourceTree = "<group>";
		};
		C4EB3DB8272B3793009330BD /* ComplexUiTutorialsRecipeUI */ = {
			isa = PBXGroup;
			children = (
				C4EB3DBB272B3BFD009330BD /* Model */,
				C4EB3DB9272B37FB009330BD /* ViewComplextUITutorialsRecipeUI.swift */,
			);
			path = ComplexUiTutorialsRecipeUI;
			sourceTree = "<group>";
		};
		C4EB3DBB272B3BFD009330BD /* Model */ = {
			isa = PBXGroup;
			children = (
				C4EB3DBC272B3C1A009330BD /* Recipe.swift */,
			);
			path = Model;
			sourceTree = "<group>";
		};
		C4F684F426FA814C00ED09A6 /* DragAndDropAPI */ = {
			isa = PBXGroup;
			children = (
				C4F684F526FA817800ED09A6 /* ViewDragAndDropApi.swift */,
			);
			path = DragAndDropAPI;
			sourceTree = "<group>";
		};
/* End PBXGroup section */

/* Begin PBXNativeTarget section */
		C4A01DE026EFF77B001AF3F6 /* TutorialWWDC2020 */ = {
			isa = PBXNativeTarget;
			buildConfigurationList = C4A01E0626EFF77C001AF3F6 /* Build configuration list for PBXNativeTarget "TutorialWWDC2020" */;
			buildPhases = (
				C4A01DDD26EFF77B001AF3F6 /* Sources */,
				C4A01DDE26EFF77B001AF3F6 /* Frameworks */,
				C4A01DDF26EFF77B001AF3F6 /* Resources */,
			);
			buildRules = (
			);
			dependencies = (
			);
			name = TutorialWWDC2020;
			packageProductDependencies = (
				C4413D21270A50CE0029F129 /* SDWebImageSwiftUI */,
				C4BC34B22714DD1000948E89 /* FacebookLogin */,
				C4A551FC2729FE4200A2D512 /* GiphyUISDK */,
			);
			productName = TutorialWWDC2020;
			productReference = C4A01DE126EFF77B001AF3F6 /* TutorialWWDC2020.app */;
			productType = "com.apple.product-type.application";
		};
		C4A01DF126EFF77C001AF3F6 /* TutorialWWDC2020Tests */ = {
			isa = PBXNativeTarget;
			buildConfigurationList = C4A01E0926EFF77C001AF3F6 /* Build configuration list for PBXNativeTarget "TutorialWWDC2020Tests" */;
			buildPhases = (
				C4A01DEE26EFF77C001AF3F6 /* Sources */,
				C4A01DEF26EFF77C001AF3F6 /* Frameworks */,
				C4A01DF026EFF77C001AF3F6 /* Resources */,
			);
			buildRules = (
			);
			dependencies = (
				C4A01DF426EFF77C001AF3F6 /* PBXTargetDependency */,
			);
			name = TutorialWWDC2020Tests;
			productName = TutorialWWDC2020Tests;
			productReference = C4A01DF226EFF77C001AF3F6 /* TutorialWWDC2020Tests.xctest */;
			productType = "com.apple.product-type.bundle.unit-test";
		};
		C4A01DFC26EFF77C001AF3F6 /* TutorialWWDC2020UITests */ = {
			isa = PBXNativeTarget;
			buildConfigurationList = C4A01E0C26EFF77C001AF3F6 /* Build configuration list for PBXNativeTarget "TutorialWWDC2020UITests" */;
			buildPhases = (
				C4A01DF926EFF77C001AF3F6 /* Sources */,
				C4A01DFA26EFF77C001AF3F6 /* Frameworks */,
				C4A01DFB26EFF77C001AF3F6 /* Resources */,
			);
			buildRules = (
			);
			dependencies = (
				C4A01DFF26EFF77C001AF3F6 /* PBXTargetDependency */,
			);
			name = TutorialWWDC2020UITests;
			productName = TutorialWWDC2020UITests;
			productReference = C4A01DFD26EFF77C001AF3F6 /* TutorialWWDC2020UITests.xctest */;
			productType = "com.apple.product-type.bundle.ui-testing";
		};
/* End PBXNativeTarget section */

/* Begin PBXProject section */
		C4A01DD926EFF77B001AF3F6 /* Project object */ = {
			isa = PBXProject;
			attributes = {
				LastSwiftUpdateCheck = 1250;
				LastUpgradeCheck = 1250;
				TargetAttributes = {
					C4A01DE026EFF77B001AF3F6 = {
						CreatedOnToolsVersion = 12.5.1;
					};
					C4A01DF126EFF77C001AF3F6 = {
						CreatedOnToolsVersion = 12.5.1;
						TestTargetID = C4A01DE026EFF77B001AF3F6;
					};
					C4A01DFC26EFF77C001AF3F6 = {
						CreatedOnToolsVersion = 12.5.1;
						TestTargetID = C4A01DE026EFF77B001AF3F6;
					};
				};
			};
			buildConfigurationList = C4A01DDC26EFF77B001AF3F6 /* Build configuration list for PBXProject "TutorialWWDC2020" */;
			compatibilityVersion = "Xcode 9.3";
			developmentRegion = en;
			hasScannedForEncodings = 0;
			knownRegions = (
				en,
				Base,
			);
			mainGroup = C4A01DD826EFF77B001AF3F6;
			packageReferences = (
				C4413D20270A50CE0029F129 /* XCRemoteSwiftPackageReference "SDWebImageSwiftUI" */,
				C4BC34B12714DD1000948E89 /* XCRemoteSwiftPackageReference "facebook-ios-sdk" */,
				C4A551FB2729FE4200A2D512 /* XCRemoteSwiftPackageReference "giphy-ios-sdk" */,
			);
			productRefGroup = C4A01DE226EFF77B001AF3F6 /* Products */;
			projectDirPath = "";
			projectRoot = "";
			targets = (
				C4A01DE026EFF77B001AF3F6 /* TutorialWWDC2020 */,
				C4A01DF126EFF77C001AF3F6 /* TutorialWWDC2020Tests */,
				C4A01DFC26EFF77C001AF3F6 /* TutorialWWDC2020UITests */,
			);
		};
/* End PBXProject section */

/* Begin PBXResourcesBuildPhase section */
		C4A01DDF26EFF77B001AF3F6 /* Resources */ = {
			isa = PBXResourcesBuildPhase;
			buildActionMask = 2147483647;
			files = (
				C466E91E271E163200548F80 /* audio.mp3 in Resources */,
				C4B92498270E4DBC000BBE8A /* Earth.usdz in Resources */,
				C4B92499270E4DBC000BBE8A /* Venus.usdz in Resources */,
				C4B9249A270E4DBC000BBE8A /* Pluto.usdz in Resources */,
				C4B9249B270E4DBC000BBE8A /* Jupiter.usdz in Resources */,
				C4B9249C270E4DBC000BBE8A /* Mars.usdz in Resources */,
				C4A01DEC26EFF77C001AF3F6 /* Preview Assets.xcassets in Resources */,
				C4A01DE926EFF77C001AF3F6 /* Assets.xcassets in Resources */,
			);
			runOnlyForDeploymentPostprocessing = 0;
		};
		C4A01DF026EFF77C001AF3F6 /* Resources */ = {
			isa = PBXResourcesBuildPhase;
			buildActionMask = 2147483647;
			files = (
			);
			runOnlyForDeploymentPostprocessing = 0;
		};
		C4A01DFB26EFF77C001AF3F6 /* Resources */ = {
			isa = PBXResourcesBuildPhase;
			buildActionMask = 2147483647;
			files = (
			);
			runOnlyForDeploymentPostprocessing = 0;
		};
/* End PBXResourcesBuildPhase section */

/* Begin PBXSourcesBuildPhase section */
		C4A01DDD26EFF77B001AF3F6 /* Sources */ = {
			isa = PBXSourcesBuildPhase;
			buildActionMask = 2147483647;
			files = (
				C496851226F292580061949E /* HomeTabViewWithSwipeGesture.swift in Sources */,
				C4CA186F27220794003A7080 /* ViewCustomSideBarMenu.swift in Sources */,
				C4413C6C2706640E0029F129 /* ViewInstagramStory3DCube.swift in Sources */,
				C4B9244D2728A37600FB8AFF /* ViewNikeShowUI.swift in Sources */,
				C491F7B726FBD39A000A58CF /* HomeCustomPathsSolidAnimations.swift in Sources */,
				C48774F1273496AC00C90E6E /* CustomCornerViewSmoothCurves.swift in Sources */,
				C4EB3DBD272B3C1A009330BD /* Recipe.swift in Sources */,
				C491F7B426FBCE46000A58CF /* HomeParallaxScrolling.swift in Sources */,
				C48774D52731E16F00C90E6E /* HomeViewModelCircularSlider.swift in Sources */,
				C4204E1026FD2D950006554B /* PhotosUIPHPickerView.swift in Sources */,
				C48774EC2734915800C90E6E /* ItemViewSmoothCurves.swift in Sources */,
				C4B92489270CECBE000BBE8A /* ViewCoreDataConnectionCRUD.swift in Sources */,
				C4B92486270CE761000BBE8A /* ViewCustomTabPageIcons.swift in Sources */,
				C46A518B272747980001B904 /* ViewJSONParsingUsingOurOwn.swift in Sources */,
				C48774EA2734911A00C90E6E /* HomeSmoothCurves.swift in Sources */,
				C4B92492270E4BAC000BBE8A /* ViewLoading3DObjects.swift in Sources */,
				C466E91C271E159A00548F80 /* ViewCustomAudioPlayer.swift in Sources */,
				C4B92483270B9FCB000BBE8A /* ViewGradientPickerAPI.swift in Sources */,
				C48774CE2731E0DB00C90E6E /* ViewCustomMusicPlayerCircularSlider.swift in Sources */,
				C496851C26F3F3EE0061949E /* HomeLoginPageCustomCurvesShapes.swift in Sources */,
				C4BC34AC2714D35600948E89 /* ViewVerticalCarouselList.swift in Sources */,
				C4F684F626FA817800ED09A6 /* ViewDragAndDropApi.swift in Sources */,
				C48774E2273347D000C90E6E /* HomeViewModel.swift in Sources */,
				C48774F327349A5000C90E6E /* ViewDetailSmoothCurves.swift in Sources */,
				C4A552022729FFBF00A2D512 /* GifController.swift in Sources */,
				C466E921271E231D00548F80 /* ViewDocumentPicker.swift in Sources */,
				C48774E727348C2500C90E6E /* ViewSmoothCurves.swift in Sources */,
				C4BC34B92716391F00948E89 /* StylishDashboardAppUIView.swift in Sources */,
				C4BC34B62716278600948E89 /* ViewSlideOutMenu.swift in Sources */,
				C48774E427334B8E00C90E6E /* FunctionButtonWheelRadialPicker.swift in Sources */,
				C48774EF2734919500C90E6E /* ItemSmoothCurves.swift in Sources */,
				C4EB3DBA272B37FB009330BD /* ViewComplextUITutorialsRecipeUI.swift in Sources */,
				C4413D1C270A41480029F129 /* ViewMuisicPlayerUiNeumorphism.swift in Sources */,
				C4A01E1426EFFF0A001AF3F6 /* HomeCustomGridsAndAnimations.swift in Sources */,
				C4CA186C2721FF1E003A7080 /* ViewCircularSliderSeeker.swift in Sources */,
				C4BC34C52718DA4400948E89 /* ViewAppleMiusicAnimation.swift in Sources */,
				C4A01DE726EFF77B001AF3F6 /* ContentView.swift in Sources */,
				C48774DE2733434B00C90E6E /* HomeViewWhellRadialPicker.swift in Sources */,
				C49684D826F1447E0061949E /* HomeChatUIImagePicker.swift in Sources */,
				C4B9248C270CED19000BBE8A /* CoreData.xcdatamodeld in Sources */,
				C466E924271F640C00548F80 /* ViewRestfullApiSailsjs.swift in Sources */,
				C4BC34BF2718CB9400948E89 /* ViewBottomSheetMapsBottomSheet.swift in Sources */,
				C4A01DE526EFF77B001AF3F6 /* TutorialWWDC2020App.swift in Sources */,
				C496851926F3E38C0061949E /* HomeFitnessDashboardBarCharts.swift in Sources */,
				C43C3FBF27051523004142C0 /* ViewTranslucentBackgroudEffect.swift in Sources */,
				C4BC34C22718D69000948E89 /* ViewSharingImages.swift in Sources */,
				C4857EBA26F9369600FD4939 /* ViewHeroAnimation.swift in Sources */,
				C496851526F29FC40061949E /* HomeDepthStacksGestures.swift in Sources */,
				C429334C270F8CF300313A75 /* ViewTravelAppUI.swift in Sources */,
				C48774CB27309BD900C90E6E /* ViewLoginPageWithFaceAndTouchID.swift in Sources */,
				C4A01E1126EFF85F001AF3F6 /* HomeAppleMiusicAnimations.swift in Sources */,
				C46A518E272752BF0001B904 /* ViewCustomTabBar.swift in Sources */,
				C466E9272720BBF200548F80 /* ViewCustomCarouselListSlider.swift in Sources */,
				C48774E02733441F00C90E6E /* OptionViewWhellRadialPicker.swift in Sources */,
				C4413D1F270A50650029F129 /* ViewJSONParsing.swift in Sources */,
				C4B9248F270E3AE7000BBE8A /* ViewCrossPlatformUI.swift in Sources */,
				C4B9244A2728998600FB8AFF /* ViewAnalogClockApp.swift in Sources */,
				C48774D32731E14C00C90E6E /* AlbumCustomMiusicPlayer.swift in Sources */,
				C4A552002729FE6900A2D512 /* ViewGif.swift in Sources */,
				C48774DA273342C400C90E6E /* ViewWheelRadialPicker.swift in Sources */,
				C48774D72731E2C400C90E6E /* HomeViewCustomMusicPlayerCircularSlider.swift in Sources */,
				C4BC34BC2717891E00948E89 /* ViewAppLockUsingAppStorage.swift in Sources */,
				C48774C82730908000C90E6E /* ViewOnBoardingCustomSlider.swift in Sources */,
				C4B7C1FE2722D70A005A95E1 /* ViewFacebookLogin.swift in Sources */,
			);
			runOnlyForDeploymentPostprocessing = 0;
		};
		C4A01DEE26EFF77C001AF3F6 /* Sources */ = {
			isa = PBXSourcesBuildPhase;
			buildActionMask = 2147483647;
			files = (
				C4A01DF726EFF77C001AF3F6 /* TutorialWWDC2020Tests.swift in Sources */,
			);
			runOnlyForDeploymentPostprocessing = 0;
		};
		C4A01DF926EFF77C001AF3F6 /* Sources */ = {
			isa = PBXSourcesBuildPhase;
			buildActionMask = 2147483647;
			files = (
				C4A01E0226EFF77C001AF3F6 /* TutorialWWDC2020UITests.swift in Sources */,
			);
			runOnlyForDeploymentPostprocessing = 0;
		};
/* End PBXSourcesBuildPhase section */

/* Begin PBXTargetDependency section */
		C4A01DF426EFF77C001AF3F6 /* PBXTargetDependency */ = {
			isa = PBXTargetDependency;
			target = C4A01DE026EFF77B001AF3F6 /* TutorialWWDC2020 */;
			targetProxy = C4A01DF326EFF77C001AF3F6 /* PBXContainerItemProxy */;
		};
		C4A01DFF26EFF77C001AF3F6 /* PBXTargetDependency */ = {
			isa = PBXTargetDependency;
			target = C4A01DE026EFF77B001AF3F6 /* TutorialWWDC2020 */;
			targetProxy = C4A01DFE26EFF77C001AF3F6 /* PBXContainerItemProxy */;
		};
/* End PBXTargetDependency section */

/* Begin XCBuildConfiguration section */
		C4A01E0426EFF77C001AF3F6 /* Debug */ = {
			isa = XCBuildConfiguration;
			buildSettings = {
				ALWAYS_SEARCH_USER_PATHS = NO;
				CLANG_ANALYZER_NONNULL = YES;
				CLANG_ANALYZER_NUMBER_OBJECT_CONVERSION = YES_AGGRESSIVE;
				CLANG_CXX_LANGUAGE_STANDARD = "gnu++14";
				CLANG_CXX_LIBRARY = "libc++";
				CLANG_ENABLE_MODULES = YES;
				CLANG_ENABLE_OBJC_ARC = YES;
				CLANG_ENABLE_OBJC_WEAK = YES;
				CLANG_WARN_BLOCK_CAPTURE_AUTORELEASING = YES;
				CLANG_WARN_BOOL_CONVERSION = YES;
				CLANG_WARN_COMMA = YES;
				CLANG_WARN_CONSTANT_CONVERSION = YES;
				CLANG_WARN_DEPRECATED_OBJC_IMPLEMENTATIONS = YES;
				CLANG_WARN_DIRECT_OBJC_ISA_USAGE = YES_ERROR;
				CLANG_WARN_DOCUMENTATION_COMMENTS = YES;
				CLANG_WARN_EMPTY_BODY = YES;
				CLANG_WARN_ENUM_CONVERSION = YES;
				CLANG_WARN_INFINITE_RECURSION = YES;
				CLANG_WARN_INT_CONVERSION = YES;
				CLANG_WARN_NON_LITERAL_NULL_CONVERSION = YES;
				CLANG_WARN_OBJC_IMPLICIT_RETAIN_SELF = YES;
				CLANG_WARN_OBJC_LITERAL_CONVERSION = YES;
				CLANG_WARN_OBJC_ROOT_CLASS = YES_ERROR;
				CLANG_WARN_QUOTED_INCLUDE_IN_FRAMEWORK_HEADER = YES;
				CLANG_WARN_RANGE_LOOP_ANALYSIS = YES;
				CLANG_WARN_STRICT_PROTOTYPES = YES;
				CLANG_WARN_SUSPICIOUS_MOVE = YES;
				CLANG_WARN_UNGUARDED_AVAILABILITY = YES_AGGRESSIVE;
				CLANG_WARN_UNREACHABLE_CODE = YES;
				CLANG_WARN__DUPLICATE_METHOD_MATCH = YES;
				COPY_PHASE_STRIP = NO;
				DEBUG_INFORMATION_FORMAT = dwarf;
				ENABLE_STRICT_OBJC_MSGSEND = YES;
				ENABLE_TESTABILITY = YES;
				GCC_C_LANGUAGE_STANDARD = gnu11;
				GCC_DYNAMIC_NO_PIC = NO;
				GCC_NO_COMMON_BLOCKS = YES;
				GCC_OPTIMIZATION_LEVEL = 0;
				GCC_PREPROCESSOR_DEFINITIONS = (
					"DEBUG=1",
					"$(inherited)",
				);
				GCC_WARN_64_TO_32_BIT_CONVERSION = YES;
				GCC_WARN_ABOUT_RETURN_TYPE = YES_ERROR;
				GCC_WARN_UNDECLARED_SELECTOR = YES;
				GCC_WARN_UNINITIALIZED_AUTOS = YES_AGGRESSIVE;
				GCC_WARN_UNUSED_FUNCTION = YES;
				GCC_WARN_UNUSED_VARIABLE = YES;
				IPHONEOS_DEPLOYMENT_TARGET = 14.5;
				MTL_ENABLE_DEBUG_INFO = INCLUDE_SOURCE;
				MTL_FAST_MATH = YES;
				ONLY_ACTIVE_ARCH = YES;
				SDKROOT = iphoneos;
				SWIFT_ACTIVE_COMPILATION_CONDITIONS = DEBUG;
				SWIFT_OPTIMIZATION_LEVEL = "-Onone";
			};
			name = Debug;
		};
		C4A01E0526EFF77C001AF3F6 /* Release */ = {
			isa = XCBuildConfiguration;
			buildSettings = {
				ALWAYS_SEARCH_USER_PATHS = NO;
				CLANG_ANALYZER_NONNULL = YES;
				CLANG_ANALYZER_NUMBER_OBJECT_CONVERSION = YES_AGGRESSIVE;
				CLANG_CXX_LANGUAGE_STANDARD = "gnu++14";
				CLANG_CXX_LIBRARY = "libc++";
				CLANG_ENABLE_MODULES = YES;
				CLANG_ENABLE_OBJC_ARC = YES;
				CLANG_ENABLE_OBJC_WEAK = YES;
				CLANG_WARN_BLOCK_CAPTURE_AUTORELEASING = YES;
				CLANG_WARN_BOOL_CONVERSION = YES;
				CLANG_WARN_COMMA = YES;
				CLANG_WARN_CONSTANT_CONVERSION = YES;
				CLANG_WARN_DEPRECATED_OBJC_IMPLEMENTATIONS = YES;
				CLANG_WARN_DIRECT_OBJC_ISA_USAGE = YES_ERROR;
				CLANG_WARN_DOCUMENTATION_COMMENTS = YES;
				CLANG_WARN_EMPTY_BODY = YES;
				CLANG_WARN_ENUM_CONVERSION = YES;
				CLANG_WARN_INFINITE_RECURSION = YES;
				CLANG_WARN_INT_CONVERSION = YES;
				CLANG_WARN_NON_LITERAL_NULL_CONVERSION = YES;
				CLANG_WARN_OBJC_IMPLICIT_RETAIN_SELF = YES;
				CLANG_WARN_OBJC_LITERAL_CONVERSION = YES;
				CLANG_WARN_OBJC_ROOT_CLASS = YES_ERROR;
				CLANG_WARN_QUOTED_INCLUDE_IN_FRAMEWORK_HEADER = YES;
				CLANG_WARN_RANGE_LOOP_ANALYSIS = YES;
				CLANG_WARN_STRICT_PROTOTYPES = YES;
				CLANG_WARN_SUSPICIOUS_MOVE = YES;
				CLANG_WARN_UNGUARDED_AVAILABILITY = YES_AGGRESSIVE;
				CLANG_WARN_UNREACHABLE_CODE = YES;
				CLANG_WARN__DUPLICATE_METHOD_MATCH = YES;
				COPY_PHASE_STRIP = NO;
				DEBUG_INFORMATION_FORMAT = "dwarf-with-dsym";
				ENABLE_NS_ASSERTIONS = NO;
				ENABLE_STRICT_OBJC_MSGSEND = YES;
				GCC_C_LANGUAGE_STANDARD = gnu11;
				GCC_NO_COMMON_BLOCKS = YES;
				GCC_WARN_64_TO_32_BIT_CONVERSION = YES;
				GCC_WARN_ABOUT_RETURN_TYPE = YES_ERROR;
				GCC_WARN_UNDECLARED_SELECTOR = YES;
				GCC_WARN_UNINITIALIZED_AUTOS = YES_AGGRESSIVE;
				GCC_WARN_UNUSED_FUNCTION = YES;
				GCC_WARN_UNUSED_VARIABLE = YES;
				IPHONEOS_DEPLOYMENT_TARGET = 14.5;
				MTL_ENABLE_DEBUG_INFO = NO;
				MTL_FAST_MATH = YES;
				SDKROOT = iphoneos;
				SWIFT_COMPILATION_MODE = wholemodule;
				SWIFT_OPTIMIZATION_LEVEL = "-O";
				VALIDATE_PRODUCT = YES;
			};
			name = Release;
		};
		C4A01E0726EFF77C001AF3F6 /* Debug */ = {
			isa = XCBuildConfiguration;
			buildSettings = {
				ASSETCATALOG_COMPILER_APPICON_NAME = AppIcon;
				ASSETCATALOG_COMPILER_GLOBAL_ACCENT_COLOR_NAME = AccentColor;
				CODE_SIGN_STYLE = Automatic;
				DEVELOPMENT_ASSET_PATHS = "\"TutorialWWDC2020/Preview Content\"";
				DEVELOPMENT_TEAM = G7DSPSWXXC;
				ENABLE_PREVIEWS = YES;
				INFOPLIST_FILE = TutorialWWDC2020/Info.plist;
				IPHONEOS_DEPLOYMENT_TARGET = 14.0;
				LD_RUNPATH_SEARCH_PATHS = (
					"$(inherited)",
					"@executable_path/Frameworks",
				);
				PRODUCT_BUNDLE_IDENTIFIER = com.MicheleManniello.TutorialWWDC2020;
				PRODUCT_NAME = "$(TARGET_NAME)";
				SWIFT_VERSION = 5.0;
				TARGETED_DEVICE_FAMILY = "1,2";
			};
			name = Debug;
		};
		C4A01E0826EFF77C001AF3F6 /* Release */ = {
			isa = XCBuildConfiguration;
			buildSettings = {
				ASSETCATALOG_COMPILER_APPICON_NAME = AppIcon;
				ASSETCATALOG_COMPILER_GLOBAL_ACCENT_COLOR_NAME = AccentColor;
				CODE_SIGN_STYLE = Automatic;
				DEVELOPMENT_ASSET_PATHS = "\"TutorialWWDC2020/Preview Content\"";
				DEVELOPMENT_TEAM = G7DSPSWXXC;
				ENABLE_PREVIEWS = YES;
				INFOPLIST_FILE = TutorialWWDC2020/Info.plist;
				IPHONEOS_DEPLOYMENT_TARGET = 14.0;
				LD_RUNPATH_SEARCH_PATHS = (
					"$(inherited)",
					"@executable_path/Frameworks",
				);
				PRODUCT_BUNDLE_IDENTIFIER = com.MicheleManniello.TutorialWWDC2020;
				PRODUCT_NAME = "$(TARGET_NAME)";
				SWIFT_VERSION = 5.0;
				TARGETED_DEVICE_FAMILY = "1,2";
			};
			name = Release;
		};
		C4A01E0A26EFF77C001AF3F6 /* Debug */ = {
			isa = XCBuildConfiguration;
			buildSettings = {
				ALWAYS_EMBED_SWIFT_STANDARD_LIBRARIES = YES;
				BUNDLE_LOADER = "$(TEST_HOST)";
				CODE_SIGN_STYLE = Automatic;
				DEVELOPMENT_TEAM = G7DSPSWXXC;
				INFOPLIST_FILE = TutorialWWDC2020Tests/Info.plist;
				IPHONEOS_DEPLOYMENT_TARGET = 14.0;
				LD_RUNPATH_SEARCH_PATHS = (
					"$(inherited)",
					"@executable_path/Frameworks",
					"@loader_path/Frameworks",
				);
				PRODUCT_BUNDLE_IDENTIFIER = com.MicheleManniello.TutorialWWDC2020Tests;
				PRODUCT_NAME = "$(TARGET_NAME)";
				SWIFT_VERSION = 5.0;
				TARGETED_DEVICE_FAMILY = "1,2";
				TEST_HOST = "$(BUILT_PRODUCTS_DIR)/TutorialWWDC2020.app/TutorialWWDC2020";
			};
			name = Debug;
		};
		C4A01E0B26EFF77C001AF3F6 /* Release */ = {
			isa = XCBuildConfiguration;
			buildSettings = {
				ALWAYS_EMBED_SWIFT_STANDARD_LIBRARIES = YES;
				BUNDLE_LOADER = "$(TEST_HOST)";
				CODE_SIGN_STYLE = Automatic;
				DEVELOPMENT_TEAM = G7DSPSWXXC;
				INFOPLIST_FILE = TutorialWWDC2020Tests/Info.plist;
				IPHONEOS_DEPLOYMENT_TARGET = 14.0;
				LD_RUNPATH_SEARCH_PATHS = (
					"$(inherited)",
					"@executable_path/Frameworks",
					"@loader_path/Frameworks",
				);
				PRODUCT_BUNDLE_IDENTIFIER = com.MicheleManniello.TutorialWWDC2020Tests;
				PRODUCT_NAME = "$(TARGET_NAME)";
				SWIFT_VERSION = 5.0;
				TARGETED_DEVICE_FAMILY = "1,2";
				TEST_HOST = "$(BUILT_PRODUCTS_DIR)/TutorialWWDC2020.app/TutorialWWDC2020";
			};
			name = Release;
		};
		C4A01E0D26EFF77C001AF3F6 /* Debug */ = {
			isa = XCBuildConfiguration;
			buildSettings = {
				ALWAYS_EMBED_SWIFT_STANDARD_LIBRARIES = YES;
				CODE_SIGN_STYLE = Automatic;
				DEVELOPMENT_TEAM = G7DSPSWXXC;
				INFOPLIST_FILE = TutorialWWDC2020UITests/Info.plist;
				LD_RUNPATH_SEARCH_PATHS = (
					"$(inherited)",
					"@executable_path/Frameworks",
					"@loader_path/Frameworks",
				);
				PRODUCT_BUNDLE_IDENTIFIER = com.MicheleManniello.TutorialWWDC2020UITests;
				PRODUCT_NAME = "$(TARGET_NAME)";
				SWIFT_VERSION = 5.0;
				TARGETED_DEVICE_FAMILY = "1,2";
				TEST_TARGET_NAME = TutorialWWDC2020;
			};
			name = Debug;
		};
		C4A01E0E26EFF77C001AF3F6 /* Release */ = {
			isa = XCBuildConfiguration;
			buildSettings = {
				ALWAYS_EMBED_SWIFT_STANDARD_LIBRARIES = YES;
				CODE_SIGN_STYLE = Automatic;
				DEVELOPMENT_TEAM = G7DSPSWXXC;
				INFOPLIST_FILE = TutorialWWDC2020UITests/Info.plist;
				LD_RUNPATH_SEARCH_PATHS = (
					"$(inherited)",
					"@executable_path/Frameworks",
					"@loader_path/Frameworks",
				);
				PRODUCT_BUNDLE_IDENTIFIER = com.MicheleManniello.TutorialWWDC2020UITests;
				PRODUCT_NAME = "$(TARGET_NAME)";
				SWIFT_VERSION = 5.0;
				TARGETED_DEVICE_FAMILY = "1,2";
				TEST_TARGET_NAME = TutorialWWDC2020;
			};
			name = Release;
		};
/* End XCBuildConfiguration section */

/* Begin XCConfigurationList section */
		C4A01DDC26EFF77B001AF3F6 /* Build configuration list for PBXProject "TutorialWWDC2020" */ = {
			isa = XCConfigurationList;
			buildConfigurations = (
				C4A01E0426EFF77C001AF3F6 /* Debug */,
				C4A01E0526EFF77C001AF3F6 /* Release */,
			);
			defaultConfigurationIsVisible = 0;
			defaultConfigurationName = Release;
		};
		C4A01E0626EFF77C001AF3F6 /* Build configuration list for PBXNativeTarget "TutorialWWDC2020" */ = {
			isa = XCConfigurationList;
			buildConfigurations = (
				C4A01E0726EFF77C001AF3F6 /* Debug */,
				C4A01E0826EFF77C001AF3F6 /* Release */,
			);
			defaultConfigurationIsVisible = 0;
			defaultConfigurationName = Release;
		};
		C4A01E0926EFF77C001AF3F6 /* Build configuration list for PBXNativeTarget "TutorialWWDC2020Tests" */ = {
			isa = XCConfigurationList;
			buildConfigurations = (
				C4A01E0A26EFF77C001AF3F6 /* Debug */,
				C4A01E0B26EFF77C001AF3F6 /* Release */,
			);
			defaultConfigurationIsVisible = 0;
			defaultConfigurationName = Release;
		};
		C4A01E0C26EFF77C001AF3F6 /* Build configuration list for PBXNativeTarget "TutorialWWDC2020UITests" */ = {
			isa = XCConfigurationList;
			buildConfigurations = (
				C4A01E0D26EFF77C001AF3F6 /* Debug */,
				C4A01E0E26EFF77C001AF3F6 /* Release */,
			);
			defaultConfigurationIsVisible = 0;
			defaultConfigurationName = Release;
		};
/* End XCConfigurationList section */

/* Begin XCRemoteSwiftPackageReference section */
		C4413D20270A50CE0029F129 /* XCRemoteSwiftPackageReference "SDWebImageSwiftUI" */ = {
			isa = XCRemoteSwiftPackageReference;
			repositoryURL = "https://github.com/SDWebImage/SDWebImageSwiftUI.git";
			requirement = {
				branch = master;
				kind = branch;
			};
		};
		C4A551FB2729FE4200A2D512 /* XCRemoteSwiftPackageReference "giphy-ios-sdk" */ = {
			isa = XCRemoteSwiftPackageReference;
			repositoryURL = "https://github.com/Giphy/giphy-ios-sdk";
			requirement = {
				kind = upToNextMajorVersion;
				minimumVersion = 2.0.0;
			};
		};
		C4BC34B12714DD1000948E89 /* XCRemoteSwiftPackageReference "facebook-ios-sdk" */ = {
			isa = XCRemoteSwiftPackageReference;
			repositoryURL = "https://github.com/facebook/facebook-ios-sdk";
			requirement = {
				kind = upToNextMajorVersion;
				minimumVersion = 9.0.0;
			};
		};
/* End XCRemoteSwiftPackageReference section */

/* Begin XCSwiftPackageProductDependency section */
		C4413D21270A50CE0029F129 /* SDWebImageSwiftUI */ = {
			isa = XCSwiftPackageProductDependency;
			package = C4413D20270A50CE0029F129 /* XCRemoteSwiftPackageReference "SDWebImageSwiftUI" */;
			productName = SDWebImageSwiftUI;
		};
		C4A551FC2729FE4200A2D512 /* GiphyUISDK */ = {
			isa = XCSwiftPackageProductDependency;
			package = C4A551FB2729FE4200A2D512 /* XCRemoteSwiftPackageReference "giphy-ios-sdk" */;
			productName = GiphyUISDK;
		};
		C4BC34B22714DD1000948E89 /* FacebookLogin */ = {
			isa = XCSwiftPackageProductDependency;
			package = C4BC34B12714DD1000948E89 /* XCRemoteSwiftPackageReference "facebook-ios-sdk" */;
			productName = FacebookLogin;
		};
/* End XCSwiftPackageProductDependency section */

/* Begin XCVersionGroup section */
		C4B9248A270CED19000BBE8A /* CoreData.xcdatamodeld */ = {
			isa = XCVersionGroup;
			children = (
				C4B9248B270CED19000BBE8A /* CoreData.xcdatamodel */,
			);
			currentVersion = C4B9248B270CED19000BBE8A /* CoreData.xcdatamodel */;
			path = CoreData.xcdatamodeld;
			sourceTree = "<group>";
			versionGroupType = wrapper.xcdatamodel;
		};
/* End XCVersionGroup section */
	};
	rootObject = C4A01DD926EFF77B001AF3F6 /* Project object */;
}
